
Microsoft Visual Studio Solution File, Format Version 10.00
# Visual Studio 2008
Project("{2150E333-8FDC-42A3-9474-1A3956D46DE8}") = "Solution Items", "Solution Items", "{0CA88AE6-DF3E-4DEE-A248-9480646EB987}"
	ProjectSection(SolutionItems) = preProject
		Changes.txt = Changes.txt
	EndProjectSection
EndProject
Project("{8BC9CEB8-8B4A-11D0-8D11-00A0C91BC942}") = "foo_alsong_lyric", "foo_alsong_lyric\foo_alsong_lyric_2008.vcproj", "{8A8E4CFD-AB61-4866-8CF3-280E22DE4B44}"
	ProjectSection(ProjectDependencies) = postProject
		{E8091321-D79D-4575-86EF-064EA1A4A20D} = {E8091321-D79D-4575-86EF-064EA1A4A20D}
		{EE47764E-A202-4F85-A767-ABDAB4AFF35F} = {EE47764E-A202-4F85-A767-ABDAB4AFF35F}
		{EBFFFB4E-261D-44D3-B89C-957B31A0BF9C} = {EBFFFB4E-261D-44D3-B89C-957B31A0BF9C}
		{71AD2674-065B-48F5-B8B0-E1F9D3892081} = {71AD2674-065B-48F5-B8B0-E1F9D3892081}
		{93EC0EDE-01CD-4FB0-B8E8-4F2A027E026E} = {93EC0EDE-01CD-4FB0-B8E8-4F2A027E026E}
	EndProjectSection
EndProject
Project("{8BC9CEB8-8B4A-11D0-8D11-00A0C91BC942}") = "foobar2000_SDK", "..\foobar2000\foobar2000\SDK\foobar2000_SDK_2008.vcproj", "{E8091321-D79D-4575-86EF-064EA1A4A20D}"
EndProject
Project("{8BC9CEB8-8B4A-11D0-8D11-00A0C91BC942}") = "columns_ui_sdk", "..\foobar2000\foobar2000\columns_ui_sdk\columns_ui_sdk_2008.vcproj", "{93EC0EDE-01CD-4FB0-B8E8-4F2A027E026E}"
EndProject
Project("{8BC9CEB8-8B4A-11D0-8D11-00A0C91BC942}") = "foobar2000_component_client", "..\foobar2000\foobar2000\foobar2000_component_client\foobar2000_component_client_2008.vcproj", "{71AD2674-065B-48F5-B8B0-E1F9D3892081}"
EndProject
Project("{8BC9CEB8-8B4A-11D0-8D11-00A0C91BC942}") = "foobar2000_sdk_helpers", "..\foobar2000\foobar2000\helpers\foobar2000_sdk_helpers_2008.vcproj", "{EE47764E-A202-4F85-A767-ABDAB4AFF35F}"
EndProject
Project("{8BC9CEB8-8B4A-11D0-8D11-00A0C91BC942}") = "pfc", "..\foobar2000\pfc\pfc_2008.vcproj", "{EBFFFB4E-261D-44D3-B89C-957B31A0BF9C}"
EndProject
Global
	GlobalSection(SolutionConfigurationPlatforms) = preSolution
		Debug|Win32 = Debug|Win32
		Release staticlink|Win32 = Release staticlink|Win32
		Release|Win32 = Release|Win32
	EndGlobalSection
	GlobalSection(ProjectConfigurationPlatforms) = postSolution
		{8A8E4CFD-AB61-4866-8CF3-280E22DE4B44}.Debug|Win32.ActiveCfg = Debug|Win32
		{8A8E4CFD-AB61-4866-8CF3-280E22DE4B44}.Debug|Win32.Build.0 = Debug|Win32
		{8A8E4CFD-AB61-4866-8CF3-280E22DE4B44}.Release staticlink|Win32.ActiveCfg = Release|Win32
		{8A8E4CFD-AB61-4866-8CF3-280E22DE4B44}.Release staticlink|Win32.Build.0 = Release|Win32
		{8A8E4CFD-AB61-4866-8CF3-280E22DE4B44}.Release|Win32.ActiveCfg = Release|Win32
		{8A8E4CFD-AB61-4866-8CF3-280E22DE4B44}.Release|Win32.Build.0 = Release|Win32
		{E8091321-D79D-4575-86EF-064EA1A4A20D}.Debug|Win32.ActiveCfg = Debug|Win32
		{E8091321-D79D-4575-86EF-064EA1A4A20D}.Debug|Win32.Build.0 = Debug|Win32
		{E8091321-D79D-4575-86EF-064EA1A4A20D}.Release staticlink|Win32.ActiveCfg = Release|Win32
		{E8091321-D79D-4575-86EF-064EA1A4A20D}.Release staticlink|Win32.Build.0 = Release|Win32
		{E8091321-D79D-4575-86EF-064EA1A4A20D}.Release|Win32.ActiveCfg = Release|Win32
		{E8091321-D79D-4575-86EF-064EA1A4A20D}.Release|Win32.Build.0 = Release|Win32
		{93EC0EDE-01CD-4FB0-B8E8-4F2A027E026E}.Debug|Win32.ActiveCfg = Debug|Win32
		{93EC0EDE-01CD-4FB0-B8E8-4F2A027E026E}.Debug|Win32.Build.0 = Debug|Win32
		{93EC0EDE-01CD-4FB0-B8E8-4F2A027E026E}.Release staticlink|Win32.ActiveCfg = Release staticlink|Win32
		{93EC0EDE-01CD-4FB0-B8E8-4F2A027E026E}.Release staticlink|Win32.Build.0 = Release staticlink|Win32
		{93EC0EDE-01CD-4FB0-B8E8-4F2A027E026E}.Release|Win32.ActiveCfg = Release|Win32
		{93EC0EDE-01CD-4FB0-B8E8-4F2A027E026E}.Release|Win32.Build.0 = Release|Win32
		{71AD2674-065B-48F5-B8B0-E1F9D3892081}.Debug|Win32.ActiveCfg = Debug|Win32
		{71AD2674-065B-48F5-B8B0-E1F9D3892081}.Debug|Win32.Build.0 = Debug|Win32
		{71AD2674-065B-48F5-B8B0-E1F9D3892081}.Release staticlink|Win32.ActiveCfg = Release|Win32
		{71AD2674-065B-48F5-B8B0-E1F9D3892081}.Release staticlink|Win32.Build.0 = Release|Win32
		{71AD2674-065B-48F5-B8B0-E1F9D3892081}.Release|Win32.ActiveCfg = Release|Win32
		{71AD2674-065B-48F5-B8B0-E1F9D3892081}.Release|Win32.Build.0 = Release|Win32
		{EE47764E-A202-4F85-A767-ABDAB4AFF35F}.Debug|Win32.ActiveCfg = Debug|Win32
		{EE47764E-A202-4F85-A767-ABDAB4AFF35F}.Debug|Win32.Build.0 = Debug|Win32
		{EE47764E-A202-4F85-A767-ABDAB4AFF35F}.Release staticlink|Win32.ActiveCfg = Release|Win32
		{EE47764E-A202-4F85-A767-ABDAB4AFF35F}.Release staticlink|Win32.Build.0 = Release|Win32
		{EE47764E-A202-4F85-A767-ABDAB4AFF35F}.Release|Win32.ActiveCfg = Release|Win32
		{EE47764E-A202-4F85-A767-ABDAB4AFF35F}.Release|Win32.Build.0 = Release|Win32
		{EBFFFB4E-261D-44D3-B89C-957B31A0BF9C}.Debug|Win32.ActiveCfg = Debug|Win32
		{EBFFFB4E-261D-44D3-B89C-957B31A0BF9C}.Debug|Win32.Build.0 = Debug|Win32
		{EBFFFB4E-261D-44D3-B89C-957B31A0BF9C}.Release staticlink|Win32.ActiveCfg = Release|Win32
		{EBFFFB4E-261D-44D3-B89C-957B31A0BF9C}.Release staticlink|Win32.Build.0 = Release|Win32
		{EBFFFB4E-261D-44D3-B89C-957B31A0BF9C}.Release|Win32.ActiveCfg = Release|Win32
		{EBFFFB4E-261D-44D3-B89C-957B31A0BF9C}.Release|Win32.Build.0 = Release|Win32
	EndGlobalSection
	GlobalSection(SolutionProperties) = preSolution
		HideSolutionNode = FALSE
	EndGlobalSection
EndGlobal
